
Microsoft Visual Studio Solution File, Format Version 12.00
# Visual Studio Version 17
VisualStudioVersion = 17.4.33205.214
MinimumVisualStudioVersion = 10.0.40219.1
Project("{FAE04EC0-301F-11D3-BF4B-00C04F79EFBC}") = "Assign2KyleD.Android", "Assign2KyleD.Android\Assign2KyleD.Android.csproj", "{F861AB77-F9DB-48D6-9A4E-04073B9901D9}"
EndProject
Project("{FAE04EC0-301F-11D3-BF4B-00C04F79EFBC}") = "Assign2KyleD", "Assign2KyleD\Assign2KyleD.csproj", "{DEE58DE8-C3CC-4915-B042-4D9DB05088AD}"
EndProject
Global
	GlobalSection(SolutionConfigurationPlatforms) = preSolution
		Debug|Any CPU = Debug|Any CPU
		Release|Any CPU = Release|Any CPU
	EndGlobalSection
	GlobalSection(ProjectConfigurationPlatforms) = postSolution
		{F861AB77-F9DB-48D6-9A4E-04073B9901D9}.Debug|Any CPU.ActiveCfg = Debug|Any CPU
		{F861AB77-F9DB-48D6-9A4E-04073B9901D9}.Debug|Any CPU.Build.0 = Debug|Any CPU
		{F861AB77-F9DB-48D6-9A4E-04073B9901D9}.Debug|Any CPU.Deploy.0 = Debug|Any CPU
		{F861AB77-F9DB-48D6-9A4E-04073B9901D9}.Release|Any CPU.ActiveCfg = Release|Any CPU
		{F861AB77-F9DB-48D6-9A4E-04073B9901D9}.Release|Any CPU.Build.0 = Release|Any CPU
		{F861AB77-F9DB-48D6-9A4E-04073B9901D9}.Release|Any CPU.Deploy.0 = Release|Any CPU
		{DEE58DE8-C3CC-4915-B042-4D9DB05088AD}.Debug|Any CPU.ActiveCfg = Debug|Any CPU
		{DEE58DE8-C3CC-4915-B042-4D9DB05088AD}.Debug|Any CPU.Build.0 = Debug|Any CPU
		{DEE58DE8-C3CC-4915-B042-4D9DB05088AD}.Debug|Any CPU.Deploy.0 = Debug|Any CPU
		{DEE58DE8-C3CC-4915-B042-4D9DB05088AD}.Release|Any CPU.ActiveCfg = Release|Any CPU
		{DEE58DE8-C3CC-4915-B042-4D9DB05088AD}.Release|Any CPU.Build.0 = Release|Any CPU
		{DEE58DE8-C3CC-4915-B042-4D9DB05088AD}.Release|Any CPU.Deploy.0 = Release|Any CPU
	EndGlobalSection
	GlobalSection(SolutionProperties) = preSolution
		HideSolutionNode = FALSE
	EndGlobalSection
	GlobalSection(ExtensibilityGlobals) = postSolution
		SolutionGuid = {03458FB4-F737-406B-8E24-30F7E4BAC72C}
	EndGlobalSection
EndGlobal
